lockfileVersion: '9.0'

settings:
  autoInstallPeers: true
  excludeLinksFromLockfile: false

importers:
  .:
    dependencies:
      '@types/node':
        specifier: ^20.8.9
        version: 20.8.9
      '@types/react':
        specifier: 18.2.33
        version: 18.2.33
      '@vercel/kv':
        specifier: ^0.2.3
        version: 0.2.3
      ajv:
        specifier: ^8.17.1
        version: 8.17.1
      cheerio:
        specifier: 1.0.0-rc.12
        version: 1.0.0-rc.12
      date-fns:
        specifier: ^2.30.0
        version: 2.30.0
      file-loader:
        specifier: ^6.2.0
        version: 6.2.0(webpack@5.93.0)
      marked:
        specifier: ^1.2.9
        version: 1.2.9
      mongodb:
        specifier: ^6.8.0
        version: 6.8.0
      ms:
        specifier: 2.1.3
        version: 2.1.3
      next:
        specifier: 14.0.0
        version: 14.0.0(react-dom@18.2.0(react@18.2.0))(react@18.2.0)
      oauth:
        specifier: ^0.10.0
        version: 0.10.0
      react:
        specifier: 18.2.0
        version: 18.2.0
      react-dom:
        specifier: 18.2.0
        version: 18.2.0(react@18.2.0)
      sanitize-html:
        specifier: ^2.11.0
        version: 2.11.0
      typescript:
        specifier: ^5.2.2
        version: 5.2.2

packages:
  '@babel/runtime@7.23.2':
    resolution:
      {
        integrity: sha512-mM8eg4yl5D6i3lu2QKPuPH4FArvJ8KhTofbE7jwMUv9KX5mBvwPAqnV3MlyBNqdp9RyRKP6Yck8TrfYrPvX3bg==
      }
    engines: { node: '>=6.9.0' }

  '@jridgewell/gen-mapping@0.3.5':
    resolution:
      {
        integrity: sha512-IzL8ZoEDIBRWEzlCcRhOaCupYyN5gdIK+Q6fbFdPDg6HqX6jpkItn7DFIpW9LQzXG6Df9sA7+OKnq0qlz/GaQg==
      }
    engines: { node: '>=6.0.0' }

  '@jridgewell/resolve-uri@3.1.2':
    resolution:
      {
        integrity: sha512-bRISgCIjP20/tbWSPWMEi54QVPRZExkuD9lJL+UIxUKtwVJA8wW1Trb1jMs1RFXo1CBTNZ/5hpC9QvmKWdopKw==
      }
    engines: { node: '>=6.0.0' }

  '@jridgewell/set-array@1.2.1':
    resolution:
      {
        integrity: sha512-R8gLRTZeyp03ymzP/6Lil/28tGeGEzhx1q2k703KGWRAI1VdvPIXdG70VJc2pAMw3NA6JKL5hhFu1sJX0Mnn/A==
      }
    engines: { node: '>=6.0.0' }

  '@jridgewell/source-map@0.3.6':
    resolution:
      {
        integrity: sha512-1ZJTZebgqllO79ue2bm3rIGud/bOe0pP5BjSRCRxxYkEZS8STV7zN84UBbiYu7jy+eCKSnVIUgoWWE/tt+shMQ==
      }

  '@jridgewell/sourcemap-codec@1.5.0':
    resolution:
      {
        integrity: sha512-gv3ZRaISU3fjPAgNsriBRqGWQL6quFx04YMPW/zD8XMLsU32mhCCbfbO6KZFLjvYpCZ8zyDEgqsgf+PwPaM7GQ==
      }

  '@jridgewell/trace-mapping@0.3.25':
    resolution:
      {
        integrity: sha512-vNk6aEwybGtawWmy/PzwnGDOjCkLWSD2wqvjGGAgOAwCGWySYXfYoxt00IJkTF+8Lb57DwOb3Aa0o9CApepiYQ==
      }

  '@mongodb-js/saslprep@1.1.8':
    resolution:
      {
        integrity: sha512-qKwC/M/nNNaKUBMQ0nuzm47b7ZYWQHN3pcXq4IIcoSBc2hOIrflAxJduIvvqmhoz3gR2TacTAs8vlsCVPkiEdQ==
      }

  '@next/env@14.0.0':
    resolution:
      {
        integrity: sha512-cIKhxkfVELB6hFjYsbtEeTus2mwrTC+JissfZYM0n+8Fv+g8ucUfOlm3VEDtwtwydZ0Nuauv3bl0qF82nnCAqA==
      }

  '@next/swc-darwin-arm64@14.0.0':
    resolution:
      {
        integrity: sha512-HQKi159jCz4SRsPesVCiNN6tPSAFUkOuSkpJsqYTIlbHLKr1mD6be/J0TvWV6fwJekj81bZV9V/Tgx3C2HO9lA==
      }
    engines: { node: '>= 10' }
    cpu: [arm64]
    os: [darwin]

  '@next/swc-darwin-x64@14.0.0':
    resolution:
      {
        integrity: sha512-4YyQLMSaCgX/kgC1jjF3s3xSoBnwHuDhnF6WA1DWNEYRsbOOPWjcYhv8TKhRe2ApdOam+VfQSffC4ZD+X4u1Cg==
      }
    engines: { node: '>= 10' }
    cpu: [x64]
    os: [darwin]

  '@next/swc-linux-arm64-gnu@14.0.0':
    resolution:
      {
        integrity: sha512-io7fMkJ28Glj7SH8yvnlD6naIhRDnDxeE55CmpQkj3+uaA2Hko6WGY2pT5SzpQLTnGGnviK85cy8EJ2qsETj/g==
      }
    engines: { node: '>= 10' }
    cpu: [arm64]
    os: [linux]

  '@next/swc-linux-arm64-musl@14.0.0':
    resolution:
      {
        integrity: sha512-nC2h0l1Jt8LEzyQeSs/BKpXAMe0mnHIMykYALWaeddTqCv5UEN8nGO3BG8JAqW/Y8iutqJsaMe2A9itS0d/r8w==
      }
    engines: { node: '>= 10' }
    cpu: [arm64]
    os: [linux]

  '@next/swc-linux-x64-gnu@14.0.0':
    resolution:
      {
        integrity: sha512-Wf+WjXibJQ7hHXOdNOmSMW5bxeJHVf46Pwb3eLSD2L76NrytQlif9NH7JpHuFlYKCQGfKfgSYYre5rIfmnSwQw==
      }
    engines: { node: '>= 10' }
    cpu: [x64]
    os: [linux]

  '@next/swc-linux-x64-musl@14.0.0':
    resolution:
      {
        integrity: sha512-WTZb2G7B+CTsdigcJVkRxfcAIQj7Lf0ipPNRJ3vlSadU8f0CFGv/ST+sJwF5eSwIe6dxKoX0DG6OljDBaad+rg==
      }
    engines: { node: '>= 10' }
    cpu: [x64]
    os: [linux]

  '@next/swc-win32-arm64-msvc@14.0.0':
    resolution:
      {
        integrity: sha512-7R8/x6oQODmNpnWVW00rlWX90sIlwluJwcvMT6GXNIBOvEf01t3fBg0AGURNKdTJg2xNuP7TyLchCL7Lh2DTiw==
      }
    engines: { node: '>= 10' }
    cpu: [arm64]
    os: [win32]

  '@next/swc-win32-ia32-msvc@14.0.0':
    resolution:
      {
        integrity: sha512-RLK1nELvhCnxaWPF07jGU4x3tjbyx2319q43loZELqF0+iJtKutZ+Lk8SVmf/KiJkYBc7Cragadz7hb3uQvz4g==
      }
    engines: { node: '>= 10' }
    cpu: [ia32]
    os: [win32]

  '@next/swc-win32-x64-msvc@14.0.0':
    resolution:
      {
        integrity: sha512-g6hLf1SUko+hnnaywQQZzzb3BRecQsoKkF3o/C+F+dOA4w/noVAJngUVkfwF0+2/8FzNznM7ofM6TGZO9svn7w==
      }
    engines: { node: '>= 10' }
    cpu: [x64]
    os: [win32]

  '@swc/helpers@0.5.2':
    resolution:
      {
        integrity: sha512-E4KcWTpoLHqwPHLxidpOqQbcrZVgi0rsmmZXUle1jXmJfuIf/UWpczUJ7MZZ5tlxytgJXyp0w4PGkkeLiuIdZw==
      }

  '@types/eslint-scope@3.7.7':
    resolution:
      {
        integrity: sha512-MzMFlSLBqNF2gcHWO0G1vP/YQyfvrxZ0bF+u7mzUdZ1/xK4A4sru+nraZz5i3iEIk1l1uyicaDVTB4QbbEkAYg==
      }

  '@types/eslint@9.6.0':
    resolution:
      {
        integrity: sha512-gi6WQJ7cHRgZxtkQEoyHMppPjq9Kxo5Tjn2prSKDSmZrCz8TZ3jSRCeTJm+WoM+oB0WG37bRqLzaaU3q7JypGg==
      }

  '@types/estree@1.0.5':
    resolution:
      {
        integrity: sha512-/kYRxGDLWzHOB7q+wtSUQlFrtcdUccpfy+X+9iMBpHK8QLLhx2wIPYuS5DYtR9Wa/YlZAbIovy7qVdB1Aq6Lyw==
      }

  '@types/json-schema@7.0.15':
    resolution:
      {
        integrity: sha512-5+fP8P8MFNC+AyZCDxrB2pkZFPGzqQWUzpSeuuVLvm8VMcorNYavBqoFcxK8bQz4Qsbn4oUEEem4wDLfcysGHA==
      }

  '@types/node@20.8.9':
    resolution:
      {
        integrity: sha512-UzykFsT3FhHb1h7yD4CA4YhBHq545JC0YnEz41xkipN88eKQtL6rSgocL5tbAP6Ola9Izm/Aw4Ora8He4x0BHg==
      }

  '@types/prop-types@15.7.9':
    resolution:
      {
        integrity: sha512-n1yyPsugYNSmHgxDFjicaI2+gCNjsBck8UX9kuofAKlc0h1bL+20oSF72KeNaW2DUlesbEVCFgyV2dPGTiY42g==
      }

  '@types/react@18.2.33':
    resolution:
      {
        integrity: sha512-v+I7S+hu3PIBoVkKGpSYYpiBT1ijqEzWpzQD62/jm4K74hPpSP7FF9BnKG6+fg2+62weJYkkBWDJlZt5JO/9hg==
      }

  '@types/scheduler@0.16.5':
    resolution:
      {
        integrity: sha512-s/FPdYRmZR8SjLWGMCuax7r3qCWQw9QKHzXVukAuuIJkXkDRwp+Pu5LMIVFi0Fxbav35WURicYr8u1QsoybnQw==
      }

  '@types/webidl-conversions@7.0.3':
    resolution:
      {
        integrity: sha512-CiJJvcRtIgzadHCYXw7dqEnMNRjhGZlYK05Mj9OyktqV8uVT8fD2BFOB7S1uwBE3Kj2Z+4UyPmFw/Ixgw/LAlA==
      }

  '@types/whatwg-url@11.0.5':
    resolution:
      {
        integrity: sha512-coYR071JRaHa+xoEvvYqvnIHaVqaYrLPbsufM9BF63HkwI5Lgmy2QR8Q5K/lYDYo5AK82wOvSOS0UsLTpTG7uQ==
      }

  '@upstash/redis@1.22.0':
    resolution:
      {
        integrity: sha512-sXoJDoEqqik0HbrNE7yRWckOySEFsoBxfRdCgOqkc0w6py19ZZG50SpGkDDEUXSnBqP8VgGYXhWAiBpqxrt5oA==
      }

  '@vercel/kv@0.2.3':
    resolution:
      {
        integrity: sha512-Wq1+EsRBQmvLlcqCZeYVg1MAARWrnETgLe3Sy3UCqG+zg7LThpkt0YHZe1NN3Aj4IRmCKQamotWrLDdEx+ZB3w==
      }
    engines: { node: '>=14.6' }

  '@webassemblyjs/ast@1.12.1':
    resolution:
      {
        integrity: sha512-EKfMUOPRRUTy5UII4qJDGPpqfwjOmZ5jeGFwid9mnoqIFK+e0vqoi1qH56JpmZSzEL53jKnNzScdmftJyG5xWg==
      }

  '@webassemblyjs/floating-point-hex-parser@1.11.6':
    resolution:
      {
        integrity: sha512-ejAj9hfRJ2XMsNHk/v6Fu2dGS+i4UaXBXGemOfQ/JfQ6mdQg/WXtwleQRLLS4OvfDhv8rYnVwH27YJLMyYsxhw==
      }

  '@webassemblyjs/helper-api-error@1.11.6':
    resolution:
      {
        integrity: sha512-o0YkoP4pVu4rN8aTJgAyj9hC2Sv5UlkzCHhxqWj8butaLvnpdc2jOwh4ewE6CX0txSfLn/UYaV/pheS2Txg//Q==
      }

  '@webassemblyjs/helper-buffer@1.12.1':
    resolution:
      {
        integrity: sha512-nzJwQw99DNDKr9BVCOZcLuJJUlqkJh+kVzVl6Fmq/tI5ZtEyWT1KZMyOXltXLZJmDtvLCDgwsyrkohEtopTXCw==
      }

  '@webassemblyjs/helper-numbers@1.11.6':
    resolution:
      {
        integrity: sha512-vUIhZ8LZoIWHBohiEObxVm6hwP034jwmc9kuq5GdHZH0wiLVLIPcMCdpJzG4C11cHoQ25TFIQj9kaVADVX7N3g==
      }

  '@webassemblyjs/helper-wasm-bytecode@1.11.6':
    resolution:
      {
        integrity: sha512-sFFHKwcmBprO9e7Icf0+gddyWYDViL8bpPjJJl0WHxCdETktXdmtWLGVzoHbqUcY4Be1LkNfwTmXOJUFZYSJdA==
      }

  '@webassemblyjs/helper-wasm-section@1.12.1':
    resolution:
      {
        integrity: sha512-Jif4vfB6FJlUlSbgEMHUyk1j234GTNG9dBJ4XJdOySoj518Xj0oGsNi59cUQF4RRMS9ouBUxDDdyBVfPTypa5g==
      }

  '@webassemblyjs/ieee754@1.11.6':
    resolution:
      {
        integrity: sha512-LM4p2csPNvbij6U1f19v6WR56QZ8JcHg3QIJTlSwzFcmx6WSORicYj6I63f9yU1kEUtrpG+kjkiIAkevHpDXrg==
      }

  '@webassemblyjs/leb128@1.11.6':
    resolution:
      {
        integrity: sha512-m7a0FhE67DQXgouf1tbN5XQcdWoNgaAuoULHIfGFIEVKA6tu/edls6XnIlkmS6FrXAquJRPni3ZZKjw6FSPjPQ==
      }

  '@webassemblyjs/utf8@1.11.6':
    resolution:
      {
        integrity: sha512-vtXf2wTQ3+up9Zsg8sa2yWiQpzSsMyXj0qViVP6xKGCUT8p8YJ6HqI7l5eCnWx1T/FYdsv07HQs2wTFbbof/RA==
      }

  '@webassemblyjs/wasm-edit@1.12.1':
    resolution:
      {
        integrity: sha512-1DuwbVvADvS5mGnXbE+c9NfA8QRcZ6iKquqjjmR10k6o+zzsRVesil54DKexiowcFCPdr/Q0qaMgB01+SQ1u6g==
      }

  '@webassemblyjs/wasm-gen@1.12.1':
    resolution:
      {
        integrity: sha512-TDq4Ojh9fcohAw6OIMXqiIcTq5KUXTGRkVxbSo1hQnSy6lAM5GSdfwWeSxpAo0YzgsgF182E/U0mDNhuA0tW7w==
      }

  '@webassemblyjs/wasm-opt@1.12.1':
    resolution:
      {
        integrity: sha512-Jg99j/2gG2iaz3hijw857AVYekZe2SAskcqlWIZXjji5WStnOpVoat3gQfT/Q5tb2djnCjBtMocY/Su1GfxPBg==
      }

  '@webassemblyjs/wasm-parser@1.12.1':
    resolution:
      {
        integrity: sha512-xikIi7c2FHXysxXe3COrVUPSheuBtpcfhbpFj4gmu7KRLYOzANztwUU0IbsqvMqzuNK2+glRGWCEqZo1WCLyAQ==
      }

  '@webassemblyjs/wast-printer@1.12.1':
    resolution:
      {
        integrity: sha512-+X4WAlOisVWQMikjbcvY2e0rwPsKQ9F688lksZhBcPycBBuii3O7m8FACbDMWDojpAqvjIncrG8J0XHKyQfVeA==
      }

  '@xtuc/ieee754@1.2.0':
    resolution:
      {
        integrity: sha512-DX8nKgqcGwsc0eJSqYt5lwP4DH5FlHnmuWWBRy7X0NcaGR0ZtuyeESgMwTYVEtxmsNGY+qit4QYT/MIYTOTPeA==
      }

  '@xtuc/long@4.2.2':
    resolution:
      {
        integrity: sha512-NuHqBY1PB/D8xU6s/thBgOAiAP7HOYDQ32+BFZILJ8ivkUkAHQnWfn6WhL79Owj1qmUnoN/YPhktdIoucipkAQ==
      }

  acorn-import-attributes@1.9.5:
    resolution:
      {
        integrity: sha512-n02Vykv5uA3eHGM/Z2dQrcD56kL8TyDb2p1+0P83PClMnC/nc+anbQRhIOWnSq4Ke/KvDPrY3C9hDtC/A3eHnQ==
      }
    peerDependencies:
      acorn: ^8

  acorn@8.12.1:
    resolution:
      {
        integrity: sha512-tcpGyI9zbizT9JbV6oYE477V6mTlXvvi0T0G3SNIYE2apm/G5huBa1+K89VGeovbg+jycCrfhl3ADxErOuO6Jg==
      }
    engines: { node: '>=0.4.0' }
    hasBin: true

  ajv-keywords@3.5.2:
    resolution:
      {
        integrity: sha512-5p6WTN0DdTGVQk6VjcEju19IgaHudalcfabD7yhDGeA6bcQnmL+CpveLJq/3hvfwd1aof6L386Ougkx6RfyMIQ==
      }
    peerDependencies:
      ajv: ^6.9.1

  ajv@6.12.6:
    resolution:
      {
        integrity: sha512-j3fVLgvTo527anyYyJOGTYJbG+vnnQYvE0m5mmkc1TK+nxAppkCLMIL0aZ4dblVCNoGShhm+kzE4ZUykBoMg4g==
      }

  ajv@8.17.1:
    resolution:
      {
        integrity: sha512-B/gBuNg5SiMTrPkC+A2+cW0RszwxYmn6VYxB/inlBStS5nx6xHIt/ehKRhIMhqusl7a8LjQoZnjCs5vhwxOQ1g==
      }

  big.js@5.2.2:
    resolution:
      {
        integrity: sha512-vyL2OymJxmarO8gxMr0mhChsO9QGwhynfuu4+MHTAW6czfq9humCB7rKpUjDd9YUiDPU4mzpyupFSvOClAwbmQ==
      }

  boolbase@1.0.0:
    resolution:
      {
        integrity: sha512-JZOSA7Mo9sNGB8+UjSgzdLtokWAky1zbztM3WRLCbZ70/3cTANmQmOdR7y2g+J0e2WXywy1yS468tY+IruqEww==
      }

  browserslist@4.23.2:
    resolution:
      {
        integrity: sha512-qkqSyistMYdxAcw+CzbZwlBy8AGmS/eEWs+sEV5TnLRGDOL+C5M2EnH6tlZyg0YoAxGJAFKh61En9BR941GnHA==
      }
    engines: { node: ^6 || ^7 || ^8 || ^9 || ^10 || ^11 || ^12 || >=13.7 }
    hasBin: true

  bson@6.8.0:
    resolution:
      {
        integrity: sha512-iOJg8pr7wq2tg/zSlCCHMi3hMm5JTOxLTagf3zxhcenHsFp+c6uOs6K7W5UE7A4QIJGtqh/ZovFNMP4mOPJynQ==
      }
    engines: { node: '>=16.20.1' }

  buffer-from@1.1.2:
    resolution:
      {
        integrity: sha512-E+XQCRwSbaaiChtv6k6Dwgc+bx+Bs6vuKJHHl5kox/BaKbhiXzqQOwK4cO22yElGp2OCmjwVhT3HmxgyPGnJfQ==
      }

  busboy@1.6.0:
    resolution:
      {
        integrity: sha512-8SFQbg/0hQ9xy3UNTB0YEnsNBbWfhf7RtnzpL7TkBiTBRfrQ9Fxcnz7VJsleJpyp6rVLvXiuORqjlHi5q+PYuA==
      }
    engines: { node: '>=10.16.0' }

  caniuse-lite@1.0.30001557:
    resolution:
      {
        integrity: sha512-91oR7hLNUP3gG6MLU+n96em322a8Xzes8wWdBKhLgUoiJsAF5irZnxSUCbc+qUZXNnPCfUwLOi9ZCZpkvjQajw==
      }

  caniuse-lite@1.0.30001643:
    resolution:
      {
        integrity: sha512-ERgWGNleEilSrHM6iUz/zJNSQTP8Mr21wDWpdgvRwcTXGAq6jMtOUPP4dqFPTdKqZ2wKTdtB+uucZ3MRpAUSmg==
      }

  cheerio-select@2.1.0:
    resolution:
      {
        integrity: sha512-9v9kG0LvzrlcungtnJtpGNxY+fzECQKhK4EGJX2vByejiMX84MFNQw4UxPJl3bFbTMw+Dfs37XaIkCwTZfLh4g==
      }

  cheerio@1.0.0-rc.12:
    resolution:
      {
        integrity: sha512-VqR8m68vM46BNnuZ5NtnGBKIE/DfN0cRIzg9n40EIq9NOv90ayxLBXA8fXC5gquFRGJSTRqBq25Jt2ECLR431Q==
      }
    engines: { node: '>= 6' }

  chrome-trace-event@1.0.4:
    resolution:
      {
        integrity: sha512-rNjApaLzuwaOTjCiT8lSDdGN1APCiqkChLMJxJPWLunPAt5fy8xgU9/jNOchV84wfIxrA0lRQB7oCT8jrn/wrQ==
      }
    engines: { node: '>=6.0' }

  client-only@0.0.1:
    resolution:
      {
        integrity: sha512-IV3Ou0jSMzZrd3pZ48nLkT9DA7Ag1pnPzaiQhpW7c3RbcqqzvzzVu+L8gfqMp/8IM2MQtSiqaCxrrcfu8I8rMA==
      }

  commander@2.20.3:
    resolution:
      {
        integrity: sha512-GpVkmM8vF2vQUkj2LvZmD35JxeJOLCwJ9cUkugyk2nuhbv3+mJvpLYYt+0+USMxE+oj+ey/lJEnhZw75x/OMcQ==
      }

  css-select@5.1.0:
    resolution:
      {
        integrity: sha512-nwoRF1rvRRnnCqqY7updORDsuqKzqYJ28+oSMaJMMgOauh3fvwHqMS7EZpIPqK8GL+g9mKxF1vP/ZjSeNjEVHg==
      }

  css-what@6.1.0:
    resolution:
      {
        integrity: sha512-HTUrgRJ7r4dsZKU6GjmpfRK1O76h97Z8MfS1G0FozR+oF2kG6Vfe8JE6zwrkbxigziPHinCJ+gCPjA9EaBDtRw==
      }
    engines: { node: '>= 6' }

  csstype@3.1.2:
    resolution:
      {
        integrity: sha512-I7K1Uu0MBPzaFKg4nI5Q7Vs2t+3gWWW648spaF+Rg7pI9ds18Ugn+lvg4SHczUdKlHI5LWBXyqfS8+DufyBsgQ==
      }

  date-fns@2.30.0:
    resolution:
      {
        integrity: sha512-fnULvOpxnC5/Vg3NCiWelDsLiUc9bRwAPs/+LfTLNvetFCtCTN+yQz15C/fs4AwX1R9K5GLtLfn8QW+dWisaAw==
      }
    engines: { node: '>=0.11' }

  deepmerge@4.3.1:
    resolution:
      {
        integrity: sha512-3sUqbMEc77XqpdNO7FRyRog+eW3ph+GYCbj+rK+uYyRMuwsVy0rMiVtPn+QJlKFvWP/1PYpapqYn0Me2knFn+A==
      }
    engines: { node: '>=0.10.0' }

  dom-serializer@2.0.0:
    resolution:
      {
        integrity: sha512-wIkAryiqt/nV5EQKqQpo3SToSOV9J0DnbJqwK7Wv/Trc92zIAYZ4FlMu+JPFW1DfGFt81ZTCGgDEabffXeLyJg==
      }

  domelementtype@2.3.0:
    resolution:
      {
        integrity: sha512-OLETBj6w0OsagBwdXnPdN0cnMfF9opN69co+7ZrbfPGrdpPVNBUj02spi6B1N7wChLQiPn4CSH/zJvXw56gmHw==
      }

  domhandler@5.0.3:
    resolution:
      {
        integrity: sha512-cgwlv/1iFQiFnU96XXgROh8xTeetsnJiDsTc7TYCLFd9+/WNkIqPTxiM/8pSd8VIrhXGTf1Ny1q1hquVqDJB5w==
      }
    engines: { node: '>= 4' }

  domutils@3.1.0:
    resolution:
      {
        integrity: sha512-H78uMmQtI2AhgDJjWeQmHwJJ2bLPD3GMmO7Zja/ZZh84wkm+4ut+IUnUdRa8uCGX88DiVx1j6FRe1XfxEgjEZA==
      }

  electron-to-chromium@1.5.2:
    resolution:
      {
        integrity: sha512-kc4r3U3V3WLaaZqThjYz/Y6z8tJe+7K0bbjUVo3i+LWIypVdMx5nXCkwRe6SWbY6ILqLdc1rKcKmr3HoH7wjSQ==
      }

  emojis-list@3.0.0:
    resolution:
      {
        integrity: sha512-/kyM18EfinwXZbno9FyUGeFh87KC8HRQBQGildHZbEuRyWFOmv1U10o9BBp8XVZDVNNuQKyIGIu5ZYAAXJ0V2Q==
      }
    engines: { node: '>= 4' }

  enhanced-resolve@5.17.1:
    resolution:
      {
        integrity: sha512-LMHl3dXhTcfv8gM4kEzIUeTQ+7fpdA0l2tUf34BddXPkz2A5xJ5L/Pchd5BL6rdccM9QGvu0sWZzK1Z1t4wwyg==
      }
    engines: { node: '>=10.13.0' }

  entities@4.5.0:
    resolution:
      {
        integrity: sha512-V0hjH4dGPh9Ao5p0MoRY6BVqtwCjhz6vI5LT8AJ55H+4g9/4vbHx1I54fS0XuclLhDHArPQCiMjDxjaL8fPxhw==
      }
    engines: { node: '>=0.12' }

  es-module-lexer@1.5.4:
    resolution:
      {
        integrity: sha512-MVNK56NiMrOwitFB7cqDwq0CQutbw+0BvLshJSse0MUNU+y1FC3bUS/AQg7oUng+/wKrrki7JfmwtVHkVfPLlw==
      }

  escalade@3.1.2:
    resolution:
      {
        integrity: sha512-ErCHMCae19vR8vQGe50xIsVomy19rg6gFu3+r3jkEO46suLMWBksvVyoGgQV+jOfl84ZSOSlmv6Gxa89PmTGmA==
      }
    engines: { node: '>=6' }

  escape-string-regexp@4.0.0:
    resolution:
      {
        integrity: sha512-TtpcNJ3XAzx3Gq8sWRzJaVajRs0uVxA2YAkdb1jm2YkPz4G6egUFAyA3n5vtEIZefPk5Wa4UXbKuS5fKkJWdgA==
      }
    engines: { node: '>=10' }

  eslint-scope@5.1.1:
    resolution:
      {
        integrity: sha512-2NxwbF/hZ0KpepYN0cNbo+FN6XoK7GaHlQhgx/hIZl6Va0bF45RQOOwhLIy8lQDbuCiadSLCBnH2CFYquit5bw==
      }
    engines: { node: '>=8.0.0' }

  esrecurse@4.3.0:
    resolution:
      {
        integrity: sha512-KmfKL3b6G+RXvP8N1vr3Tq1kL/oCFgn2NYXEtqP8/L3pKapUA4G8cFVaoF3SU323CD4XypR/ffioHmkti6/Tag==
      }
    engines: { node: '>=4.0' }

  estraverse@4.3.0:
    resolution:
      {
        integrity: sha512-39nnKffWz8xN1BU/2c79n9nB9HDzo0niYUqx6xyqUnyoAnQyyWpOTdZEeiCch8BBu515t4wp9ZmgVfVhn9EBpw==
      }
    engines: { node: '>=4.0' }

  estraverse@5.3.0:
    resolution:
      {
        integrity: sha512-MMdARuVEQziNTeJD8DgMqmhwR11BRQ/cBP+pLtYdSTnf3MIO8fFeiINEbX36ZdNlfU/7A9f3gUw49B3oQsvwBA==
      }
    engines: { node: '>=4.0' }

  events@3.3.0:
    resolution:
      {
        integrity: sha512-mQw+2fkQbALzQ7V0MY0IqdnXNOeTtP4r0lN9z7AAawCXgqea7bDii20AYrIBrFd/Hx0M2Ocz6S111CaFkUcb0Q==
      }
    engines: { node: '>=0.8.x' }

  fast-deep-equal@3.1.3:
    resolution:
      {
        integrity: sha512-f3qQ9oQy9j2AhBe/H9VC91wLmKBCCU/gDOnKNAYG5hswO7BLKj09Hc5HYNz9cGI++xlpDCIgDaitVs03ATR84Q==
      }

  fast-json-stable-stringify@2.1.0:
    resolution:
      {
        integrity: sha512-lhd/wF+Lk98HZoTCtlVraHtfh5XYijIjalXck7saUtuanSDyLMxnHhSXEDJqHxD7msR8D0uCmqlkwjCV8xvwHw==
      }

  fast-uri@3.0.1:
    resolution:
      {
        integrity: sha512-MWipKbbYiYI0UC7cl8m/i/IWTqfC8YXsqjzybjddLsFjStroQzsHXkc73JutMvBiXmOvapk+axIl79ig5t55Bw==
      }

  file-loader@6.2.0:
    resolution:
      {
        integrity: sha512-qo3glqyTa61Ytg4u73GultjHGjdRyig3tG6lPtyX/jOEJvHif9uB0/OCI2Kif6ctF3caQTW2G5gym21oAsI4pw==
      }
    engines: { node: '>= 10.13.0' }
    peerDependencies:
      webpack: ^4.0.0 || ^5.0.0

  glob-to-regexp@0.4.1:
    resolution:
      {
        integrity: sha512-lkX1HJXwyMcprw/5YUZc2s7DrpAiHB21/V+E1rHUrVNokkvB6bqMzT0VfV6/86ZNabt1k14YOIaT7nDvOX3Iiw==
      }

  graceful-fs@4.2.11:
    resolution:
      {
        integrity: sha512-RbJ5/jmFcNNCcDV5o9eTnBLJ/HszWV0P73bc+Ff4nS/rJj+YaS6IGyiOL0VoBYX+l1Wrl3k63h/KrH+nhJ0XvQ==
      }

  has-flag@4.0.0:
    resolution:
      {
        integrity: sha512-EykJT/Q1KjTWctppgIAgfSO0tKVuZUjhgMr17kqTumMl6Afv3EISleU7qZUzoXDFTAHTDC4NOoG/ZxU3EvlMPQ==
      }
    engines: { node: '>=8' }

  htmlparser2@8.0.2:
    resolution:
      {
        integrity: sha512-GYdjWKDkbRLkZ5geuHs5NY1puJ+PXwP7+fHPRz06Eirsb9ugf6d8kkXav6ADhcODhFFPMIXyxkxSuMf3D6NCFA==
      }

  is-plain-object@5.0.0:
    resolution:
      {
        integrity: sha512-VRSzKkbMm5jMDoKLbltAkFQ5Qr7VDiTFGXxYFXXowVj387GeGNOCsOH6Msy00SGZ3Fp84b1Naa1psqgcCIEP5Q==
      }
    engines: { node: '>=0.10.0' }

  isomorphic-fetch@3.0.0:
    resolution:
      {
        integrity: sha512-qvUtwJ3j6qwsF3jLxkZ72qCgjMysPzDfeV240JHiGZsANBYd+EEuu35v7dfrJ9Up0Ak07D7GGSkGhCHTqg/5wA==
      }

  jest-worker@27.5.1:
    resolution:
      {
        integrity: sha512-7vuh85V5cdDofPyxn58nrPjBktZo0u9x1g8WtjQol+jZDaE+fhN+cIvTj11GndBnMnyfrUOG1sZQxCdjKh+DKg==
      }
    engines: { node: '>= 10.13.0' }

  js-tokens@4.0.0:
    resolution:
      {
        integrity: sha512-RdJUflcE3cUzKiMqQgsCu06FPu9UdIJO0beYbPhHN4k6apgJtifcoCtT9bcxOpYBtpD2kCM6Sbzg4CausW/PKQ==
      }

  json-parse-even-better-errors@2.3.1:
    resolution:
      {
        integrity: sha512-xyFwyhro/JEof6Ghe2iz2NcXoj2sloNsWr/XsERDK/oiPCfaNhl5ONfp+jQdAZRQQ0IJWNzH9zIZF7li91kh2w==
      }

  json-schema-traverse@0.4.1:
    resolution:
      {
        integrity: sha512-xbbCH5dCYU5T8LcEhhuh7HJ88HXuW3qsI3Y0zOZFKfZEHcpWiHU/Jxzk629Brsab/mMiHQti9wMP+845RPe3Vg==
      }

  json-schema-traverse@1.0.0:
    resolution:
      {
        integrity: sha512-NM8/P9n3XjXhIZn1lLhkFaACTOURQXjWhV4BA/RnOv8xvgqtqpAX9IO4mRQxSx1Rlo4tqzeqb0sOlruaOy3dug==
      }

  json5@2.2.3:
    resolution:
      {
        integrity: sha512-XmOWe7eyHYH14cLdVPoyg+GOH3rYX++KpzrylJwSW98t3Nk+U8XOl8FWKOgwtzdb8lXGf6zYwDUzeHMWfxasyg==
      }
    engines: { node: '>=6' }
    hasBin: true

  loader-runner@4.3.0:
    resolution:
      {
        integrity: sha512-3R/1M+yS3j5ou80Me59j7F9IMs4PXs3VqRrm0TU3AbKPxlmpoY1TNscJV/oGJXo8qCatFGTfDbY6W6ipGOYXfg==
      }
    engines: { node: '>=6.11.5' }

  loader-utils@2.0.4:
    resolution:
      {
        integrity: sha512-xXqpXoINfFhgua9xiqD8fPFHgkoq1mmmpE92WlDbm9rNRd/EbRb+Gqf908T2DMfuHjjJlksiK2RbHVOdD/MqSw==
      }
    engines: { node: '>=8.9.0' }

  loose-envify@1.4.0:
    resolution:
      {
        integrity: sha512-lyuxPGr/Wfhrlem2CL/UcnUc1zcqKAImBDzukY7Y5F/yQiNdko6+fRLevlw1HgMySw7f611UIY408EtxRSoK3Q==
      }
    hasBin: true

  marked@1.2.9:
    resolution:
      {
        integrity: sha512-H8lIX2SvyitGX+TRdtS06m1jHMijKN/XjfH6Ooii9fvxMlh8QdqBfBDkGUpMWH2kQNrtixjzYUa3SH8ROTgRRw==
      }
    engines: { node: '>= 8.16.2' }
    hasBin: true

  memory-pager@1.5.0:
    resolution:
      {
        integrity: sha512-ZS4Bp4r/Zoeq6+NLJpP+0Zzm0pR8whtGPf1XExKLJBAczGMnSi3It14OiNCStjQjM6NU1okjQGSxgEZN8eBYKg==
      }

  merge-stream@2.0.0:
    resolution:
      {
        integrity: sha512-abv/qOcuPfk3URPfDzmZU1LKmuw8kT+0nIHvKrKgFrwifol/doWcdA4ZqsWQ8ENrFKkd67Mfpo/LovbIUsbt3w==
      }

  mime-db@1.52.0:
    resolution:
      {
        integrity: sha512-sPU4uV7dYlvtWJxwwxHD0PuihVNiE7TyAbQ5SWxDCB9mUYvOgroQOwYQQOKPJ8CIbE+1ETVlOoK1UC2nU3gYvg==
      }
    engines: { node: '>= 0.6' }

  mime-types@2.1.35:
    resolution:
      {
        integrity: sha512-ZDY+bPm5zTTF+YpCrAU9nK0UgICYPT0QtT1NZWFv4s++TNkcgVaT0g6+4R2uI4MjQjzysHB1zxuWL50hzaeXiw==
      }
    engines: { node: '>= 0.6' }

  mongodb-connection-string-url@3.0.1:
    resolution:
      {
        integrity: sha512-XqMGwRX0Lgn05TDB4PyG2h2kKO/FfWJyCzYQbIhXUxz7ETt0I/FqHjUeqj37irJ+Dl1ZtU82uYyj14u2XsZKfg==
      }

  mongodb@6.8.0:
    resolution:
      {
        integrity: sha512-HGQ9NWDle5WvwMnrvUxsFYPd3JEbqD3RgABHBQRuoCEND0qzhsd0iH5ypHsf1eJ+sXmvmyKpP+FLOKY8Il7jMw==
      }
    engines: { node: '>=16.20.1' }
    peerDependencies:
      '@aws-sdk/credential-providers': ^3.188.0
      '@mongodb-js/zstd': ^1.1.0
      gcp-metadata: ^5.2.0
      kerberos: ^2.0.1
      mongodb-client-encryption: '>=6.0.0 <7'
      snappy: ^7.2.2
      socks: ^2.7.1
    peerDependenciesMeta:
      '@aws-sdk/credential-providers':
        optional: true
      '@mongodb-js/zstd':
        optional: true
      gcp-metadata:
        optional: true
      kerberos:
        optional: true
      mongodb-client-encryption:
        optional: true
      snappy:
        optional: true
      socks:
        optional: true

  ms@2.1.3:
    resolution:
      {
        integrity: sha512-6FlzubTLZG3J2a/NVCAleEhjzq5oxgHyaCU9yYXvcLsvoVaHJq/s5xXI6/XXP6tz7R9xAOtHnSO/tXtF3WRTlA==
      }

  nanoid@3.3.6:
    resolution:
      {
        integrity: sha512-BGcqMMJuToF7i1rt+2PWSNVnWIkGCU78jBG3RxO/bZlnZPK2Cmi2QaffxGO/2RvWi9sL+FAiRiXMgsyxQ1DIDA==
      }
    engines: { node: ^10 || ^12 || ^13.7 || ^14 || >=15.0.1 }
    hasBin: true

  neo-async@2.6.2:
    resolution:
      {
        integrity: sha512-Yd3UES5mWCSqR+qNT93S3UoYUkqAZ9lLg8a7g9rimsWmYGK8cVToA4/sF3RrshdyV3sAGMXVUmpMYOw+dLpOuw==
      }

  next@14.0.0:
    resolution:
      {
        integrity: sha512-J0jHKBJpB9zd4+c153sair0sz44mbaCHxggs8ryVXSFBuBqJ8XdE9/ozoV85xGh2VnSjahwntBZZgsihL9QznA==
      }
    engines: { node: '>=18.17.0' }
    hasBin: true
    peerDependencies:
      '@opentelemetry/api': ^1.1.0
      react: ^18.2.0
      react-dom: ^18.2.0
      sass: ^1.3.0
    peerDependenciesMeta:
      '@opentelemetry/api':
        optional: true
      sass:
        optional: true

  node-fetch@2.7.0:
    resolution:
      {
        integrity: sha512-c4FRfUm/dbcWZ7U+1Wq0AwCyFL+3nt2bEw05wfxSz+DWpWsitgmSgYmy2dQdWyKC1694ELPqMs/YzUSNozLt8A==
      }
    engines: { node: 4.x || >=6.0.0 }
    peerDependencies:
      encoding: ^0.1.0
    peerDependenciesMeta:
      encoding:
        optional: true

  node-releases@2.0.18:
    resolution:
      {
        integrity: sha512-d9VeXT4SJ7ZeOqGX6R5EM022wpL+eWPooLI+5UpWn2jCT1aosUQEhQP214x33Wkwx3JQMvIm+tIoVOdodFS40g==
      }

  nth-check@2.1.1:
    resolution:
      {
        integrity: sha512-lqjrjmaOoAnWfMmBPL+XNnynZh2+swxiX3WUE0s4yEHI6m+AwrK2UZOimIRl3X/4QctVqS8AiZjFqyOGrMXb/w==
      }

  oauth@0.10.0:
    resolution:
      {
        integrity: sha512-1orQ9MT1vHFGQxhuy7E/0gECD3fd2fCC+PIX+/jgmU/gI3EpRocXtmtvxCO5x3WZ443FLTLFWNDjl5MPJf9u+Q==
      }

  parse-srcset@1.0.2:
    resolution:
      {
        integrity: sha512-/2qh0lav6CmI15FzA3i/2Bzk2zCgQhGMkvhOhKNcBVQ1ldgpbfiNTVslmooUmWJcADi1f1kIeynbDRVzNlfR6Q==
      }

  parse5-htmlparser2-tree-adapter@7.0.0:
    resolution:
      {
        integrity: sha512-B77tOZrqqfUfnVcOrUvfdLbz4pu4RopLD/4vmu3HUPswwTA8OH0EMW9BlWR2B0RCoiZRAHEUu7IxeP1Pd1UU+g==
      }

  parse5@7.1.2:
    resolution:
      {
        integrity: sha512-Czj1WaSVpaoj0wbhMzLmWD69anp2WH7FXMB9n1Sy8/ZFF9jolSQVMu1Ij5WIyGmcBmhk7EOndpO4mIpihVqAXw==
      }

  picocolors@1.0.0:
    resolution:
      {
        integrity: sha512-1fygroTLlHu66zi26VoTDv8yRgm0Fccecssto+MhsZ0D/DGW2sm8E8AjW7NU5VVTRt5GxbeZ5qBuJr+HyLYkjQ==
      }

  picocolors@1.0.1:
    resolution:
      {
        integrity: sha512-anP1Z8qwhkbmu7MFP5iTt+wQKXgwzf7zTyGlcdzabySa9vd0Xt392U0rVmz9poOaBj0uHJKyyo9/upk0HrEQew==
      }

  postcss@8.4.31:
    resolution:
      {
        integrity: sha512-PS08Iboia9mts/2ygV3eLpY5ghnUcfLV/EXTOW1E2qYxJKGGBUtNjN76FYHnMs36RmARn41bC0AZmn+rR0OVpQ==
      }
    engines: { node: ^10 || ^12 || >=14 }

  punycode@2.3.1:
    resolution:
      {
        integrity: sha512-vYt7UD1U9Wg6138shLtLOvdAu+8DsC/ilFtEVHcH+wydcSpNE20AfSOduf6MkRFahL5FY7X1oU7nKVZFtfq8Fg==
      }
    engines: { node: '>=6' }

  randombytes@2.1.0:
    resolution:
      {
        integrity: sha512-vYl3iOX+4CKUWuxGi9Ukhie6fsqXqS9FE2Zaic4tNFD2N2QQaXOMFbuKK4QmDHC0JO6B1Zp41J0LpT0oR68amQ==
      }

  react-dom@18.2.0:
    resolution:
      {
        integrity: sha512-6IMTriUmvsjHUjNtEDudZfuDQUoWXVxKHhlEGSk81n4YFS+r/Kl99wXiwlVXtPBtJenozv2P+hxDsw9eA7Xo6g==
      }
    peerDependencies:
      react: ^18.2.0

  react@18.2.0:
    resolution:
      {
        integrity: sha512-/3IjMdb2L9QbBdWiW5e3P2/npwMBaU9mHCSCUzNln0ZCYbcfTsGbTJrU/kGemdH2IWmB2ioZ+zkxtmq6g09fGQ==
      }
    engines: { node: '>=0.10.0' }

  regenerator-runtime@0.14.0:
    resolution:
      {
        integrity: sha512-srw17NI0TUWHuGa5CFGGmhfNIeja30WMBfbslPNhf6JrqQlLN5gcrvig1oqPxiVaXb0oW0XRKtH6Nngs5lKCIA==
      }

  require-from-string@2.0.2:
    resolution:
      {
        integrity: sha512-Xf0nWe6RseziFMu+Ap9biiUbmplq6S9/p+7w7YXP/JBHhrUDDUhwa+vANyubuqfZWTveU//DYVGsDG7RKL/vEw==
      }
    engines: { node: '>=0.10.0' }

  safe-buffer@5.2.1:
    resolution:
      {
        integrity: sha512-rp3So07KcdmmKbGvgaNxQSJr7bGVSVk5S9Eq1F+ppbRo70+YeaDxkw5Dd8NPN+GD6bjnYm2VuPuCXmpuYvmCXQ==
      }

  sanitize-html@2.11.0:
    resolution:
      {
        integrity: sha512-BG68EDHRaGKqlsNjJ2xUB7gpInPA8gVx/mvjO743hZaeMCZ2DwzW7xvsqZ+KNU4QKwj86HJ3uu2liISf2qBBUA==
      }

  scheduler@0.23.0:
    resolution:
      {
        integrity: sha512-CtuThmgHNg7zIZWAXi3AsyIzA3n4xx7aNyjwC2VJldO2LMVDhFK+63xGqq6CsJH4rTAt6/M+N4GhZiDYPx9eUw==
      }

  schema-utils@3.3.0:
    resolution:
      {
        integrity: sha512-pN/yOAvcC+5rQ5nERGuwrjLlYvLTbCibnZ1I7B1LaiAz9BRBlE9GMgE/eqV30P7aJQUf7Ddimy/RsbYO/GrVGg==
      }
    engines: { node: '>= 10.13.0' }

  serialize-javascript@6.0.2:
    resolution:
      {
        integrity: sha512-Saa1xPByTTq2gdeFZYLLo+RFE35NHZkAbqZeWNd3BpzppeVisAqpDjcp8dyf6uIvEqJRd46jemmyA4iFIeVk8g==
      }

  source-map-js@1.0.2:
    resolution:
      {
        integrity: sha512-R0XvVJ9WusLiqTCEiGCmICCMplcCkIwwR11mOSD9CR5u+IXYdiseeEuXCVAjS54zqwkLcPNnmU4OeJ6tUrWhDw==
      }
    engines: { node: '>=0.10.0' }

  source-map-support@0.5.21:
    resolution:
      {
        integrity: sha512-uBHU3L3czsIyYXKX88fdrGovxdSCoTGDRZ6SYXtSRxLZUzHg5P/66Ht6uoUlHu9EZod+inXhKo3qQgwXUT/y1w==
      }

  source-map@0.6.1:
    resolution:
      {
        integrity: sha512-UjgapumWlbMhkBgzT7Ykc5YXUT46F0iKu8SGXq0bcwP5dz/h0Plj6enJqjz1Zbq2l5WaqYnrVbwWOWMyF3F47g==
      }
    engines: { node: '>=0.10.0' }

  sparse-bitfield@3.0.3:
    resolution:
      {
        integrity: sha512-kvzhi7vqKTfkh0PZU+2D2PIllw2ymqJKujUcyPMd9Y75Nv4nPbGJZXNhxsgdQab2BmlDct1YnfQCguEvHr7VsQ==
      }

  streamsearch@1.1.0:
    resolution:
      {
        integrity: sha512-Mcc5wHehp9aXz1ax6bZUyY5afg9u2rv5cqQI3mRrYkGC8rW2hM02jWuwjtL++LS5qinSyhj2QfLyNsuc+VsExg==
      }
    engines: { node: '>=10.0.0' }

  styled-jsx@5.1.1:
    resolution:
      {
        integrity: sha512-pW7uC1l4mBZ8ugbiZrcIsiIvVx1UmTfw7UkC3Um2tmfUq9Bhk8IiyEIPl6F8agHgjzku6j0xQEZbfA5uSgSaCw==
      }
    engines: { node: '>= 12.0.0' }
    peerDependencies:
      '@babel/core': '*'
      babel-plugin-macros: '*'
      react: '>= 16.8.0 || 17.x.x || ^18.0.0-0'
    peerDependenciesMeta:
      '@babel/core':
        optional: true
      babel-plugin-macros:
        optional: true

  supports-color@8.1.1:
    resolution:
      {
        integrity: sha512-MpUEN2OodtUzxvKQl72cUF7RQ5EiHsGvSsVG0ia9c5RbWGL2CI4C7EpPS8UTBIplnlzZiNuV56w+FuNxy3ty2Q==
      }
    engines: { node: '>=10' }

  tapable@2.2.1:
    resolution:
      {
        integrity: sha512-GNzQvQTOIP6RyTfE2Qxb8ZVlNmw0n88vp1szwWRimP02mnTsx3Wtn5qRdqY9w2XduFNUgvOwhNnQsjwCp+kqaQ==
      }
    engines: { node: '>=6' }

  terser-webpack-plugin@5.3.10:
    resolution:
      {
        integrity: sha512-BKFPWlPDndPs+NGGCr1U59t0XScL5317Y0UReNrHaw9/FwhPENlq6bfgs+4yPfyP51vqC1bQ4rp1EfXW5ZSH9w==
      }
    engines: { node: '>= 10.13.0' }
    peerDependencies:
      '@swc/core': '*'
      esbuild: '*'
      uglify-js: '*'
      webpack: ^5.1.0
    peerDependenciesMeta:
      '@swc/core':
        optional: true
      esbuild:
        optional: true
      uglify-js:
        optional: true

  terser@5.31.3:
    resolution:
      {
        integrity: sha512-pAfYn3NIZLyZpa83ZKigvj6Rn9c/vd5KfYGX7cN1mnzqgDcxWvrU5ZtAfIKhEXz9nRecw4z3LXkjaq96/qZqAA==
      }
    engines: { node: '>=10' }
    hasBin: true

  tr46@0.0.3:
    resolution:
      {
        integrity: sha512-N3WMsuqV66lT30CrXNbEjx4GEwlow3v6rr4mCcv6prnfwhS01rkgyFdjPNBYd9br7LpXV1+Emh01fHnq2Gdgrw==
      }

  tr46@4.1.1:
    resolution:
      {
        integrity: sha512-2lv/66T7e5yNyhAAC4NaKe5nVavzuGJQVVtRYLyQ2OI8tsJ61PMLlelehb0wi2Hx6+hT/OJUWZcw8MjlSRnxvw==
      }
    engines: { node: '>=14' }

  tslib@2.6.2:
    resolution:
      {
        integrity: sha512-AEYxH93jGFPn/a2iVAwW87VuUIkR1FVUKB77NwMF7nBTDkDrrT/Hpt/IrCJ0QXhW27jTBDcf5ZY7w6RiqTMw2Q==
      }

  typescript@5.2.2:
    resolution:
      {
        integrity: sha512-mI4WrpHsbCIcwT9cF4FZvr80QUeKvsUsUvKDoR+X/7XHQH98xYD8YHZg7ANtz2GtZt/CBq2QJ0thkGJMHfqc1w==
      }
    engines: { node: '>=14.17' }
    hasBin: true

  undici-types@5.26.5:
    resolution:
      {
        integrity: sha512-JlCMO+ehdEIKqlFxk6IfVoAUVmgz7cU7zD/h9XZ0qzeosSHmUJVOzSQvvYSYWXkFXC+IfLKSIffhv0sVZup6pA==
      }

  update-browserslist-db@1.1.0:
    resolution:
      {
        integrity: sha512-EdRAaAyk2cUE1wOf2DkEhzxqOQvFOoRJFNS6NeyJ01Gp2beMRpBAINjM2iDXE3KCuKhwnvHIQCJm6ThL2Z+HzQ==
      }
    hasBin: true
    peerDependencies:
      browserslist: '>= 4.21.0'

  uri-js@4.4.1:
    resolution:
      {
        integrity: sha512-7rKUyy33Q1yc98pQ1DAmLtwX109F7TIfWlW1Ydo8Wl1ii1SeHieeh0HHfPeL2fMXK6z0s8ecKs9frCuLJvndBg==
      }

  watchpack@2.4.0:
    resolution:
      {
        integrity: sha512-Lcvm7MGST/4fup+ifyKi2hjyIAwcdI4HRgtvTpIUxBRhB+RFtUh8XtDOxUfctVCnhVi+QQj49i91OyvzkJl6cg==
      }
    engines: { node: '>=10.13.0' }

  watchpack@2.4.1:
    resolution:
      {
        integrity: sha512-8wrBCMtVhqcXP2Sup1ctSkga6uc2Bx0IIvKyT7yTFier5AXHooSI+QyQQAtTb7+E0IUCCKyTFmXqdqgum2XWGg==
      }
    engines: { node: '>=10.13.0' }

  webidl-conversions@3.0.1:
    resolution:
      {
        integrity: sha512-2JAn3z8AR6rjK8Sm8orRC0h/bcl/DqL7tRPdGZ4I1CjdF+EaMLmYxBHyXuKL849eucPFhvBoxMsflfOb8kxaeQ==
      }

  webidl-conversions@7.0.0:
    resolution:
      {
        integrity: sha512-VwddBukDzu71offAQR975unBIGqfKZpM+8ZX6ySk8nYhVoo5CYaZyzt3YBvYtRtO+aoGlqxPg/B87NGVZ/fu6g==
      }
    engines: { node: '>=12' }

  webpack-sources@3.2.3:
    resolution:
      {
        integrity: sha512-/DyMEOrDgLKKIG0fmvtz+4dUX/3Ghozwgm6iPp8KRhvn+eQf9+Q7GWxVNMk3+uCPWfdXYC4ExGBckIXdFEfH1w==
      }
    engines: { node: '>=10.13.0' }

  webpack@5.93.0:
    resolution:
      {
        integrity: sha512-Y0m5oEY1LRuwly578VqluorkXbvXKh7U3rLoQCEO04M97ScRr44afGVkI0FQFsXzysk5OgFAxjZAb9rsGQVihA==
      }
    engines: { node: '>=10.13.0' }
    hasBin: true
    peerDependencies:
      webpack-cli: '*'
    peerDependenciesMeta:
      webpack-cli:
        optional: true

  whatwg-fetch@3.6.19:
    resolution:
      {
        integrity: sha512-d67JP4dHSbm2TrpFj8AbO8DnL1JXL5J9u0Kq2xW6d0TFDbCA3Muhdt8orXC22utleTVj7Prqt82baN6RBvnEgw==
      }

  whatwg-url@13.0.0:
    resolution:
      {
        integrity: sha512-9WWbymnqj57+XEuqADHrCJ2eSXzn8WXIW/YSGaZtb2WKAInQ6CHfaUUcTyyver0p8BDg5StLQq8h1vtZuwmOig==
      }
    engines: { node: '>=16' }

  whatwg-url@5.0.0:
    resolution:
      {
        integrity: sha512-saE57nupxk6v3HY35+jzBwYa0rKSy0XR8JSxZPwgLr7ys0IBzhGviA1/TUGJLmSVqs8pb9AnvICXEuOHLprYTw==
      }

snapshots:
  '@babel/runtime@7.23.2':
    dependencies:
      regenerator-runtime: 0.14.0

  '@jridgewell/gen-mapping@0.3.5':
    dependencies:
      '@jridgewell/set-array': 1.2.1
      '@jridgewell/sourcemap-codec': 1.5.0
      '@jridgewell/trace-mapping': 0.3.25

  '@jridgewell/resolve-uri@3.1.2': {}

  '@jridgewell/set-array@1.2.1': {}

  '@jridgewell/source-map@0.3.6':
    dependencies:
      '@jridgewell/gen-mapping': 0.3.5
      '@jridgewell/trace-mapping': 0.3.25

  '@jridgewell/sourcemap-codec@1.5.0': {}

  '@jridgewell/trace-mapping@0.3.25':
    dependencies:
      '@jridgewell/resolve-uri': 3.1.2
      '@jridgewell/sourcemap-codec': 1.5.0

  '@mongodb-js/saslprep@1.1.8':
    dependencies:
      sparse-bitfield: 3.0.3

  '@next/env@14.0.0': {}

  '@next/swc-darwin-arm64@14.0.0':
    optional: true

  '@next/swc-darwin-x64@14.0.0':
    optional: true

  '@next/swc-linux-arm64-gnu@14.0.0':
    optional: true

  '@next/swc-linux-arm64-musl@14.0.0':
    optional: true

  '@next/swc-linux-x64-gnu@14.0.0':
    optional: true

  '@next/swc-linux-x64-musl@14.0.0':
    optional: true

  '@next/swc-win32-arm64-msvc@14.0.0':
    optional: true

  '@next/swc-win32-ia32-msvc@14.0.0':
    optional: true

  '@next/swc-win32-x64-msvc@14.0.0':
    optional: true

  '@swc/helpers@0.5.2':
    dependencies:
      tslib: 2.6.2

  '@types/eslint-scope@3.7.7':
    dependencies:
      '@types/eslint': 9.6.0
      '@types/estree': 1.0.5

  '@types/eslint@9.6.0':
    dependencies:
      '@types/estree': 1.0.5
      '@types/json-schema': 7.0.15

  '@types/estree@1.0.5': {}

  '@types/json-schema@7.0.15': {}

  '@types/node@20.8.9':
    dependencies:
      undici-types: 5.26.5

  '@types/prop-types@15.7.9': {}

  '@types/react@18.2.33':
    dependencies:
      '@types/prop-types': 15.7.9
      '@types/scheduler': 0.16.5
      csstype: 3.1.2

  '@types/scheduler@0.16.5': {}

  '@types/webidl-conversions@7.0.3': {}

  '@types/whatwg-url@11.0.5':
    dependencies:
      '@types/webidl-conversions': 7.0.3

  '@upstash/redis@1.22.0':
    dependencies:
      isomorphic-fetch: 3.0.0
    transitivePeerDependencies:
      - encoding

  '@vercel/kv@0.2.3':
    dependencies:
      '@upstash/redis': 1.22.0
    transitivePeerDependencies:
      - encoding

  '@webassemblyjs/ast@1.12.1':
    dependencies:
      '@webassemblyjs/helper-numbers': 1.11.6
      '@webassemblyjs/helper-wasm-bytecode': 1.11.6

  '@webassemblyjs/floating-point-hex-parser@1.11.6': {}

  '@webassemblyjs/helper-api-error@1.11.6': {}

  '@webassemblyjs/helper-buffer@1.12.1': {}

  '@webassemblyjs/helper-numbers@1.11.6':
    dependencies:
      '@webassemblyjs/floating-point-hex-parser': 1.11.6
      '@webassemblyjs/helper-api-error': 1.11.6
      '@xtuc/long': 4.2.2

  '@webassemblyjs/helper-wasm-bytecode@1.11.6': {}

  '@webassemblyjs/helper-wasm-section@1.12.1':
    dependencies:
      '@webassemblyjs/ast': 1.12.1
      '@webassemblyjs/helper-buffer': 1.12.1
      '@webassemblyjs/helper-wasm-bytecode': 1.11.6
      '@webassemblyjs/wasm-gen': 1.12.1

  '@webassemblyjs/ieee754@1.11.6':
    dependencies:
      '@xtuc/ieee754': 1.2.0

  '@webassemblyjs/leb128@1.11.6':
    dependencies:
      '@xtuc/long': 4.2.2

  '@webassemblyjs/utf8@1.11.6': {}

  '@webassemblyjs/wasm-edit@1.12.1':
    dependencies:
      '@webassemblyjs/ast': 1.12.1
      '@webassemblyjs/helper-buffer': 1.12.1
      '@webassemblyjs/helper-wasm-bytecode': 1.11.6
      '@webassemblyjs/helper-wasm-section': 1.12.1
      '@webassemblyjs/wasm-gen': 1.12.1
      '@webassemblyjs/wasm-opt': 1.12.1
      '@webassemblyjs/wasm-parser': 1.12.1
      '@webassemblyjs/wast-printer': 1.12.1

  '@webassemblyjs/wasm-gen@1.12.1':
    dependencies:
      '@webassemblyjs/ast': 1.12.1
      '@webassemblyjs/helper-wasm-bytecode': 1.11.6
      '@webassemblyjs/ieee754': 1.11.6
      '@webassemblyjs/leb128': 1.11.6
      '@webassemblyjs/utf8': 1.11.6

  '@webassemblyjs/wasm-opt@1.12.1':
    dependencies:
      '@webassemblyjs/ast': 1.12.1
      '@webassemblyjs/helper-buffer': 1.12.1
      '@webassemblyjs/wasm-gen': 1.12.1
      '@webassemblyjs/wasm-parser': 1.12.1

  '@webassemblyjs/wasm-parser@1.12.1':
    dependencies:
      '@webassemblyjs/ast': 1.12.1
      '@webassemblyjs/helper-api-error': 1.11.6
      '@webassemblyjs/helper-wasm-bytecode': 1.11.6
      '@webassemblyjs/ieee754': 1.11.6
      '@webassemblyjs/leb128': 1.11.6
      '@webassemblyjs/utf8': 1.11.6

  '@webassemblyjs/wast-printer@1.12.1':
    dependencies:
      '@webassemblyjs/ast': 1.12.1
      '@xtuc/long': 4.2.2

  '@xtuc/ieee754@1.2.0': {}

  '@xtuc/long@4.2.2': {}

  acorn-import-attributes@1.9.5(acorn@8.12.1):
    dependencies:
      acorn: 8.12.1

  acorn@8.12.1: {}

  ajv-keywords@3.5.2(ajv@6.12.6):
    dependencies:
      ajv: 6.12.6

  ajv@6.12.6:
    dependencies:
      fast-deep-equal: 3.1.3
      fast-json-stable-stringify: 2.1.0
      json-schema-traverse: 0.4.1
      uri-js: 4.4.1

  ajv@8.17.1:
    dependencies:
      fast-deep-equal: 3.1.3
      fast-uri: 3.0.1
      json-schema-traverse: 1.0.0
      require-from-string: 2.0.2

  big.js@5.2.2: {}

  boolbase@1.0.0: {}

  browserslist@4.23.2:
    dependencies:
      caniuse-lite: 1.0.30001643
      electron-to-chromium: 1.5.2
      node-releases: 2.0.18
      update-browserslist-db: 1.1.0(browserslist@4.23.2)

  bson@6.8.0: {}

  buffer-from@1.1.2: {}

  busboy@1.6.0:
    dependencies:
      streamsearch: 1.1.0

  caniuse-lite@1.0.30001557: {}

  caniuse-lite@1.0.30001643: {}

  cheerio-select@2.1.0:
    dependencies:
      boolbase: 1.0.0
      css-select: 5.1.0
      css-what: 6.1.0
      domelementtype: 2.3.0
      domhandler: 5.0.3
      domutils: 3.1.0

  cheerio@1.0.0-rc.12:
    dependencies:
      cheerio-select: 2.1.0
      dom-serializer: 2.0.0
      domhandler: 5.0.3
      domutils: 3.1.0
      htmlparser2: 8.0.2
      parse5: 7.1.2
      parse5-htmlparser2-tree-adapter: 7.0.0

  chrome-trace-event@1.0.4: {}

  client-only@0.0.1: {}

  commander@2.20.3: {}

  css-select@5.1.0:
    dependencies:
      boolbase: 1.0.0
      css-what: 6.1.0
      domhandler: 5.0.3
      domutils: 3.1.0
      nth-check: 2.1.1

  css-what@6.1.0: {}

  csstype@3.1.2: {}

  date-fns@2.30.0:
    dependencies:
      '@babel/runtime': 7.23.2

  deepmerge@4.3.1: {}

  dom-serializer@2.0.0:
    dependencies:
      domelementtype: 2.3.0
      domhandler: 5.0.3
      entities: 4.5.0

  domelementtype@2.3.0: {}

  domhandler@5.0.3:
    dependencies:
      domelementtype: 2.3.0

  domutils@3.1.0:
    dependencies:
      dom-serializer: 2.0.0
      domelementtype: 2.3.0
      domhandler: 5.0.3

  electron-to-chromium@1.5.2: {}

  emojis-list@3.0.0: {}

  enhanced-resolve@5.17.1:
    dependencies:
      graceful-fs: 4.2.11
      tapable: 2.2.1

  entities@4.5.0: {}

  es-module-lexer@1.5.4: {}

  escalade@3.1.2: {}

  escape-string-regexp@4.0.0: {}

  eslint-scope@5.1.1:
    dependencies:
      esrecurse: 4.3.0
      estraverse: 4.3.0

  esrecurse@4.3.0:
    dependencies:
      estraverse: 5.3.0

  estraverse@4.3.0: {}

  estraverse@5.3.0: {}

  events@3.3.0: {}

  fast-deep-equal@3.1.3: {}

  fast-json-stable-stringify@2.1.0: {}

  fast-uri@3.0.1: {}

  file-loader@6.2.0(webpack@5.93.0):
    dependencies:
      loader-utils: 2.0.4
      schema-utils: 3.3.0
      webpack: 5.93.0

  glob-to-regexp@0.4.1: {}

  graceful-fs@4.2.11: {}

  has-flag@4.0.0: {}

  htmlparser2@8.0.2:
    dependencies:
      domelementtype: 2.3.0
      domhandler: 5.0.3
      domutils: 3.1.0
      entities: 4.5.0

  is-plain-object@5.0.0: {}

  isomorphic-fetch@3.0.0:
    dependencies:
      node-fetch: 2.7.0
      whatwg-fetch: 3.6.19
    transitivePeerDependencies:
      - encoding

  jest-worker@27.5.1:
    dependencies:
      '@types/node': 20.8.9
      merge-stream: 2.0.0
      supports-color: 8.1.1

  js-tokens@4.0.0: {}

  json-parse-even-better-errors@2.3.1: {}

  json-schema-traverse@0.4.1: {}

  json-schema-traverse@1.0.0: {}

  json5@2.2.3: {}

  loader-runner@4.3.0: {}

  loader-utils@2.0.4:
    dependencies:
      big.js: 5.2.2
      emojis-list: 3.0.0
      json5: 2.2.3

  loose-envify@1.4.0:
    dependencies:
      js-tokens: 4.0.0

  marked@1.2.9: {}

  memory-pager@1.5.0: {}

  merge-stream@2.0.0: {}

  mime-db@1.52.0: {}

  mime-types@2.1.35:
    dependencies:
      mime-db: 1.52.0

  mongodb-connection-string-url@3.0.1:
    dependencies:
      '@types/whatwg-url': 11.0.5
      whatwg-url: 13.0.0

  mongodb@6.8.0:
    dependencies:
      '@mongodb-js/saslprep': 1.1.8
      bson: 6.8.0
      mongodb-connection-string-url: 3.0.1

  ms@2.1.3: {}

  nanoid@3.3.6: {}

  neo-async@2.6.2: {}

  next@14.0.0(react-dom@18.2.0(react@18.2.0))(react@18.2.0):
    dependencies:
      '@next/env': 14.0.0
      '@swc/helpers': 0.5.2
      busboy: 1.6.0
      caniuse-lite: 1.0.30001557
      postcss: 8.4.31
      react: 18.2.0
      react-dom: 18.2.0(react@18.2.0)
      styled-jsx: 5.1.1(react@18.2.0)
      watchpack: 2.4.0
    optionalDependencies:
      '@next/swc-darwin-arm64': 14.0.0
      '@next/swc-darwin-x64': 14.0.0
      '@next/swc-linux-arm64-gnu': 14.0.0
      '@next/swc-linux-arm64-musl': 14.0.0
      '@next/swc-linux-x64-gnu': 14.0.0
      '@next/swc-linux-x64-musl': 14.0.0
      '@next/swc-win32-arm64-msvc': 14.0.0
      '@next/swc-win32-ia32-msvc': 14.0.0
      '@next/swc-win32-x64-msvc': 14.0.0
    transitivePeerDependencies:
      - '@babel/core'
      - babel-plugin-macros

  node-fetch@2.7.0:
    dependencies:
      whatwg-url: 5.0.0

  node-releases@2.0.18: {}

  nth-check@2.1.1:
    dependencies:
      boolbase: 1.0.0

  oauth@0.10.0: {}

  parse-srcset@1.0.2: {}

  parse5-htmlparser2-tree-adapter@7.0.0:
    dependencies:
      domhandler: 5.0.3
      parse5: 7.1.2

  parse5@7.1.2:
    dependencies:
      entities: 4.5.0

  picocolors@1.0.0: {}

  picocolors@1.0.1: {}

  postcss@8.4.31:
    dependencies:
      nanoid: 3.3.6
      picocolors: 1.0.0
      source-map-js: 1.0.2

  punycode@2.3.1: {}

  randombytes@2.1.0:
    dependencies:
      safe-buffer: 5.2.1

  react-dom@18.2.0(react@18.2.0):
    dependencies:
      loose-envify: 1.4.0
      react: 18.2.0
      scheduler: 0.23.0

  react@18.2.0:
    dependencies:
      loose-envify: 1.4.0

  regenerator-runtime@0.14.0: {}

  require-from-string@2.0.2: {}

  safe-buffer@5.2.1: {}

  sanitize-html@2.11.0:
    dependencies:
      deepmerge: 4.3.1
      escape-string-regexp: 4.0.0
      htmlparser2: 8.0.2
      is-plain-object: 5.0.0
      parse-srcset: 1.0.2
      postcss: 8.4.31

  scheduler@0.23.0:
    dependencies:
      loose-envify: 1.4.0

  schema-utils@3.3.0:
    dependencies:
      '@types/json-schema': 7.0.15
      ajv: 6.12.6
      ajv-keywords: 3.5.2(ajv@6.12.6)

  serialize-javascript@6.0.2:
    dependencies:
      randombytes: 2.1.0

  source-map-js@1.0.2: {}

  source-map-support@0.5.21:
    dependencies:
      buffer-from: 1.1.2
      source-map: 0.6.1

  source-map@0.6.1: {}

  sparse-bitfield@3.0.3:
    dependencies:
      memory-pager: 1.5.0

  streamsearch@1.1.0: {}

  styled-jsx@5.1.1(react@18.2.0):
    dependencies:
      client-only: 0.0.1
      react: 18.2.0

  supports-color@8.1.1:
    dependencies:
      has-flag: 4.0.0

  tapable@2.2.1: {}

  terser-webpack-plugin@5.3.10(webpack@5.93.0):
    dependencies:
      '@jridgewell/trace-mapping': 0.3.25
      jest-worker: 27.5.1
      schema-utils: 3.3.0
      serialize-javascript: 6.0.2
      terser: 5.31.3
      webpack: 5.93.0

  terser@5.31.3:
    dependencies:
      '@jridgewell/source-map': 0.3.6
      acorn: 8.12.1
      commander: 2.20.3
      source-map-support: 0.5.21

  tr46@0.0.3: {}

  tr46@4.1.1:
    dependencies:
      punycode: 2.3.1

  tslib@2.6.2: {}

  typescript@5.2.2: {}

  undici-types@5.26.5: {}

  update-browserslist-db@1.1.0(browserslist@4.23.2):
    dependencies:
      browserslist: 4.23.2
      escalade: 3.1.2
      picocolors: 1.0.1

  uri-js@4.4.1:
    dependencies:
      punycode: 2.3.1

  watchpack@2.4.0:
    dependencies:
      glob-to-regexp: 0.4.1
      graceful-fs: 4.2.11

  watchpack@2.4.1:
    dependencies:
      glob-to-regexp: 0.4.1
      graceful-fs: 4.2.11

  webidl-conversions@3.0.1: {}

  webidl-conversions@7.0.0: {}

  webpack-sources@3.2.3: {}

  webpack@5.93.0:
    dependencies:
      '@types/eslint-scope': 3.7.7
      '@types/estree': 1.0.5
      '@webassemblyjs/ast': 1.12.1
      '@webassemblyjs/wasm-edit': 1.12.1
      '@webassemblyjs/wasm-parser': 1.12.1
      acorn: 8.12.1
      acorn-import-attributes: 1.9.5(acorn@8.12.1)
      browserslist: 4.23.2
      chrome-trace-event: 1.0.4
      enhanced-resolve: 5.17.1
      es-module-lexer: 1.5.4
      eslint-scope: 5.1.1
      events: 3.3.0
      glob-to-regexp: 0.4.1
      graceful-fs: 4.2.11
      json-parse-even-better-errors: 2.3.1
      loader-runner: 4.3.0
      mime-types: 2.1.35
      neo-async: 2.6.2
      schema-utils: 3.3.0
      tapable: 2.2.1
      terser-webpack-plugin: 5.3.10(webpack@5.93.0)
      watchpack: 2.4.1
      webpack-sources: 3.2.3
    transitivePeerDependencies:
      - '@swc/core'
      - esbuild
      - uglify-js

  whatwg-fetch@3.6.19: {}

  whatwg-url@13.0.0:
    dependencies:
      tr46: 4.1.1
      webidl-conversions: 7.0.0

  whatwg-url@5.0.0:
    dependencies:
      tr46: 0.0.3
      webidl-conversions: 3.0.1
